
Microsoft Visual Studio Solution File, Format Version 12.00
# Visual Studio Version 17
VisualStudioVersion = 17.4.33122.133
MinimumVisualStudioVersion = 10.0.40219.1
Project("{FAE04EC0-301F-11D3-BF4B-00C04F79EFBC}") = "LearningApp", "LearningApp\LearningApp.csproj", "{B3622FBB-B72C-4724-AC48-47F18E9461D8}"
EndProject
Project("{FAE04EC0-301F-11D3-BF4B-00C04F79EFBC}") = "LearningApp.Models", "LearningApp.Models\LearningApp.Models.csproj", "{76815D0B-5DE5-464D-89F0-C70479AEE8EC}"
EndProject
Global
	GlobalSection(SolutionConfigurationPlatforms) = preSolution
		Debug|Any CPU = Debug|Any CPU
		Release|Any CPU = Release|Any CPU
	EndGlobalSection
	GlobalSection(ProjectConfigurationPlatforms) = postSolution
		{B3622FBB-B72C-4724-AC48-47F18E9461D8}.Debug|Any CPU.ActiveCfg = Debug|Any CPU
		{B3622FBB-B72C-4724-AC48-47F18E9461D8}.Debug|Any CPU.Build.0 = Debug|Any CPU
		{B3622FBB-B72C-4724-AC48-47F18E9461D8}.Release|Any CPU.ActiveCfg = Release|Any CPU
		{B3622FBB-B72C-4724-AC48-47F18E9461D8}.Release|Any CPU.Build.0 = Release|Any CPU
		{76815D0B-5DE5-464D-89F0-C70479AEE8EC}.Debug|Any CPU.ActiveCfg = Debug|Any CPU
		{76815D0B-5DE5-464D-89F0-C70479AEE8EC}.Debug|Any CPU.Build.0 = Debug|Any CPU
		{76815D0B-5DE5-464D-89F0-C70479AEE8EC}.Release|Any CPU.ActiveCfg = Release|Any CPU
		{76815D0B-5DE5-464D-89F0-C70479AEE8EC}.Release|Any CPU.Build.0 = Release|Any CPU
	EndGlobalSection
	GlobalSection(SolutionProperties) = preSolution
		HideSolutionNode = FALSE
	EndGlobalSection
	GlobalSection(ExtensibilityGlobals) = postSolution
		SolutionGuid = {BC5F496A-B95C-4FEE-978F-391C782FADE2}
	EndGlobalSection
EndGlobal
